
Microsoft Visual Studio Solution File, Format Version 12.00
# Visual Studio Version 16
VisualStudioVersion = 16.0.30204.135
MinimumVisualStudioVersion = 10.0.40219.1
Project("{9A19103F-16F7-4668-BE54-9A1E7A4F7556}") = "MyCourse", "MyCourse.csproj", "{9390534D-5C6A-47C5-9F3F-938C576A1EBC}"
EndProject
Global
	GlobalSection(SolutionConfigurationPlatforms) = preSolution
		Debug|Any CPU = Debug|Any CPU
		Release|Any CPU = Release|Any CPU
	EndGlobalSection
	GlobalSection(ProjectConfigurationPlatforms) = postSolution
		{9390534D-5C6A-47C5-9F3F-938C576A1EBC}.Debug|Any CPU.ActiveCfg = Debug|Any CPU
		{9390534D-5C6A-47C5-9F3F-938C576A1EBC}.Debug|Any CPU.Build.0 = Debug|Any CPU
		{9390534D-5C6A-47C5-9F3F-938C576A1EBC}.Release|Any CPU.ActiveCfg = Release|Any CPU
		{9390534D-5C6A-47C5-9F3F-938C576A1EBC}.Release|Any CPU.Build.0 = Release|Any CPU
	EndGlobalSection
	GlobalSection(SolutionProperties) = preSolution
		HideSolutionNode = FALSE
	EndGlobalSection
	GlobalSection(ExtensibilityGlobals) = postSolution
		SolutionGuid = {C7745CE7-3573-405C-B751-939F8BFDD474}
	EndGlobalSection
EndGlobal
